{
	"name": "@har-sdk/types",
	"version": "0.0.0",
	"lockfileVersion": 2,
	"requires": true,
	"packages": {
		"": {
			"name": "@har-sdk/types",
			"version": "0.0.0",
			"license": "MIT",
			"dependencies": {
				"openapi-types": "^9.0.3",
				"tslib": "~2.2.0"
			}
		},
		"node_modules/openapi-types": {
			"version": "9.0.3",
			"resolved": "https://registry.npmjs.org/openapi-types/-/openapi-types-9.0.3.tgz",
			"integrity": "sha512-c4C1xAKZOvOxeSWvRY0d2XsoaZoF8M7rifxfZZCIH2mqPEQxOz8qfFx4oEpLFaE+DfDGe08HcIA/p1Bu93keLQ=="
		},
		"node_modules/tslib": {
			"version": "2.2.0",
			"resolved": "https://registry.npmjs.org/tslib/-/tslib-2.2.0.tgz",
			"integrity": "sha512-gS9GVHRU+RGn5KQM2rllAlR3dU6m7AcpJKdtH8gFvQiC4Otgk98XnmMU+nZenHt/+VhnBPWwgrJsyrdcw6i23w=="
		}
	},
	"dependencies": {
		"openapi-types": {
			"version": "9.0.3",
			"resolved": "https://registry.npmjs.org/openapi-types/-/openapi-types-9.0.3.tgz",
			"integrity": "sha512-c4C1xAKZOvOxeSWvRY0d2XsoaZoF8M7rifxfZZCIH2mqPEQxOz8qfFx4oEpLFaE+DfDGe08HcIA/p1Bu93keLQ=="
		},
		"tslib": {
			"version": "2.2.0",
			"resolved": "https://registry.npmjs.org/tslib/-/tslib-2.2.0.tgz",
			"integrity": "sha512-gS9GVHRU+RGn5KQM2rllAlR3dU6m7AcpJKdtH8gFvQiC4Otgk98XnmMU+nZenHt/+VhnBPWwgrJsyrdcw6i23w=="
		}
	}
}
