{
	"name": "@har-sdk/openapi-sampler",
	"version": "0.0.0",
	"lockfileVersion": 2,
	"requires": true,
	"packages": {
		"": {
			"name": "@har-sdk/openapi-sampler",
			"version": "0.0.0",
			"license": "MIT",
			"dependencies": {
				"faker": "^5.5.3",
				"json-pointer": "^0.6.1",
				"openapi-types": "^8.0.0",
				"randexp": "^0.5.3",
				"tslib": "~2.2.0"
			},
			"devDependencies": {
				"@types/faker": "^5.5.3",
				"@types/json-pointer": "^1.0.30",
				"@types/node": "^14.14.45"
			}
		},
		"node_modules/@types/faker": {
			"version": "5.5.5",
			"resolved": "https://registry.npmjs.org/@types/faker/-/faker-5.5.5.tgz",
			"integrity": "sha512-TNR5SjCg8sSfU4bdXsPJlpLXOH4YGBCVggvdZnttD2SMiONSxfJm231Nxn1VaQWWF2Twl4Wr2KC1hYaNd4M5Zw==",
			"dev": true
		},
		"node_modules/@types/json-pointer": {
			"version": "1.0.30",
			"resolved": "https://registry.npmjs.org/@types/json-pointer/-/json-pointer-1.0.30.tgz",
			"integrity": "sha1-uXPB95sfYdQkt9krlU4B5saO5m0=",
			"dev": true
		},
		"node_modules/@types/node": {
			"version": "14.17.0",
			"resolved": "https://registry.npmjs.org/@types/node/-/node-14.17.0.tgz",
			"integrity": "sha512-w8VZUN/f7SSbvVReb9SWp6cJFevxb4/nkG65yLAya//98WgocKm5PLDAtSs5CtJJJM+kHmJjO/6mmYW4MHShZA==",
			"dev": true
		},
		"node_modules/drange": {
			"version": "1.1.1",
			"resolved": "https://registry.npmjs.org/drange/-/drange-1.1.1.tgz",
			"integrity": "sha512-pYxfDYpued//QpnLIm4Avk7rsNtAtQkUES2cwAYSvD/wd2pKD71gN2Ebj3e7klzXwjocvE8c5vx/1fxwpqmSxA==",
			"engines": {
				"node": ">=4"
			}
		},
		"node_modules/faker": {
			"version": "5.5.3",
			"resolved": "https://registry.npmjs.org/faker/-/faker-5.5.3.tgz",
			"integrity": "sha512-wLTv2a28wjUyWkbnX7u/ABZBkUkIF2fCd73V6P2oFqEGEktDfzWx4UxrSqtPRw0xPRAcjeAOIiJWqZm3pP4u3g=="
		},
		"node_modules/foreach": {
			"version": "2.0.5",
			"resolved": "https://registry.npmjs.org/foreach/-/foreach-2.0.5.tgz",
			"integrity": "sha1-C+4AUBiusmDQo6865ljdATbsG5k="
		},
		"node_modules/json-pointer": {
			"version": "0.6.1",
			"resolved": "https://registry.npmjs.org/json-pointer/-/json-pointer-0.6.1.tgz",
			"integrity": "sha512-3OvjqKdCBvH41DLpV4iSt6v2XhZXV1bPB4OROuknvUXI7ZQNofieCPkmE26stEJ9zdQuvIxDHCuYhfgxFAAs+Q==",
			"dependencies": {
				"foreach": "^2.0.4"
			}
		},
		"node_modules/openapi-types": {
			"version": "8.0.0",
			"resolved": "https://registry.npmjs.org/openapi-types/-/openapi-types-8.0.0.tgz",
			"integrity": "sha512-dcHYyCDOAy4QQTrur5Sn1L3lPVspB7rd04Rw/Q7AsMvfV797IiWgmKziFCbq8VhnBoREU/SPPSBDxtK9Biwa1g=="
		},
		"node_modules/randexp": {
			"version": "0.5.3",
			"resolved": "https://registry.npmjs.org/randexp/-/randexp-0.5.3.tgz",
			"integrity": "sha512-U+5l2KrcMNOUPYvazA3h5ekF80FHTUG+87SEAmHZmolh1M+i/WyTCxVzmi+tidIa1tM4BSe8g2Y/D3loWDjj+w==",
			"dependencies": {
				"drange": "^1.0.2",
				"ret": "^0.2.0"
			},
			"engines": {
				"node": ">=4"
			}
		},
		"node_modules/ret": {
			"version": "0.2.2",
			"resolved": "https://registry.npmjs.org/ret/-/ret-0.2.2.tgz",
			"integrity": "sha512-M0b3YWQs7R3Z917WRQy1HHA7Ba7D8hvZg6UE5mLykJxQVE2ju0IXbGlaHPPlkY+WN7wFP+wUMXmBFA0aV6vYGQ==",
			"engines": {
				"node": ">=4"
			}
		},
		"node_modules/tslib": {
			"version": "2.2.0",
			"resolved": "https://registry.npmjs.org/tslib/-/tslib-2.2.0.tgz",
			"integrity": "sha512-gS9GVHRU+RGn5KQM2rllAlR3dU6m7AcpJKdtH8gFvQiC4Otgk98XnmMU+nZenHt/+VhnBPWwgrJsyrdcw6i23w=="
		}
	},
	"dependencies": {
		"@types/faker": {
			"version": "5.5.5",
			"resolved": "https://registry.npmjs.org/@types/faker/-/faker-5.5.5.tgz",
			"integrity": "sha512-TNR5SjCg8sSfU4bdXsPJlpLXOH4YGBCVggvdZnttD2SMiONSxfJm231Nxn1VaQWWF2Twl4Wr2KC1hYaNd4M5Zw==",
			"dev": true
		},
		"@types/json-pointer": {
			"version": "1.0.30",
			"resolved": "https://registry.npmjs.org/@types/json-pointer/-/json-pointer-1.0.30.tgz",
			"integrity": "sha1-uXPB95sfYdQkt9krlU4B5saO5m0=",
			"dev": true
		},
		"@types/node": {
			"version": "14.17.0",
			"resolved": "https://registry.npmjs.org/@types/node/-/node-14.17.0.tgz",
			"integrity": "sha512-w8VZUN/f7SSbvVReb9SWp6cJFevxb4/nkG65yLAya//98WgocKm5PLDAtSs5CtJJJM+kHmJjO/6mmYW4MHShZA==",
			"dev": true
		},
		"drange": {
			"version": "1.1.1",
			"resolved": "https://registry.npmjs.org/drange/-/drange-1.1.1.tgz",
			"integrity": "sha512-pYxfDYpued//QpnLIm4Avk7rsNtAtQkUES2cwAYSvD/wd2pKD71gN2Ebj3e7klzXwjocvE8c5vx/1fxwpqmSxA=="
		},
		"faker": {
			"version": "5.5.3",
			"resolved": "https://registry.npmjs.org/faker/-/faker-5.5.3.tgz",
			"integrity": "sha512-wLTv2a28wjUyWkbnX7u/ABZBkUkIF2fCd73V6P2oFqEGEktDfzWx4UxrSqtPRw0xPRAcjeAOIiJWqZm3pP4u3g=="
		},
		"foreach": {
			"version": "2.0.5",
			"resolved": "https://registry.npmjs.org/foreach/-/foreach-2.0.5.tgz",
			"integrity": "sha1-C+4AUBiusmDQo6865ljdATbsG5k="
		},
		"json-pointer": {
			"version": "0.6.1",
			"resolved": "https://registry.npmjs.org/json-pointer/-/json-pointer-0.6.1.tgz",
			"integrity": "sha512-3OvjqKdCBvH41DLpV4iSt6v2XhZXV1bPB4OROuknvUXI7ZQNofieCPkmE26stEJ9zdQuvIxDHCuYhfgxFAAs+Q==",
			"requires": {
				"foreach": "^2.0.4"
			}
		},
		"openapi-types": {
			"version": "8.0.0",
			"resolved": "https://registry.npmjs.org/openapi-types/-/openapi-types-8.0.0.tgz",
			"integrity": "sha512-dcHYyCDOAy4QQTrur5Sn1L3lPVspB7rd04Rw/Q7AsMvfV797IiWgmKziFCbq8VhnBoREU/SPPSBDxtK9Biwa1g=="
		},
		"randexp": {
			"version": "0.5.3",
			"resolved": "https://registry.npmjs.org/randexp/-/randexp-0.5.3.tgz",
			"integrity": "sha512-U+5l2KrcMNOUPYvazA3h5ekF80FHTUG+87SEAmHZmolh1M+i/WyTCxVzmi+tidIa1tM4BSe8g2Y/D3loWDjj+w==",
			"requires": {
				"drange": "^1.0.2",
				"ret": "^0.2.0"
			}
		},
		"ret": {
			"version": "0.2.2",
			"resolved": "https://registry.npmjs.org/ret/-/ret-0.2.2.tgz",
			"integrity": "sha512-M0b3YWQs7R3Z917WRQy1HHA7Ba7D8hvZg6UE5mLykJxQVE2ju0IXbGlaHPPlkY+WN7wFP+wUMXmBFA0aV6vYGQ=="
		},
		"tslib": {
			"version": "2.2.0",
			"resolved": "https://registry.npmjs.org/tslib/-/tslib-2.2.0.tgz",
			"integrity": "sha512-gS9GVHRU+RGn5KQM2rllAlR3dU6m7AcpJKdtH8gFvQiC4Otgk98XnmMU+nZenHt/+VhnBPWwgrJsyrdcw6i23w=="
		}
	}
}
