{
	"name": "@har-sdk/openapi-sampler",
	"version": "0.0.0",
	"lockfileVersion": 2,
	"requires": true,
	"packages": {
		"": {
			"name": "@har-sdk/openapi-sampler",
			"version": "0.0.0",
			"license": "MIT",
			"dependencies": {
				"faker": "^5.5.3"
			},
			"devDependencies": {
				"@types/faker": "^5.5.3"
			}
		},
		"node_modules/@types/faker": {
			"version": "5.5.5",
			"resolved": "https://registry.npmjs.org/@types/faker/-/faker-5.5.5.tgz",
			"integrity": "sha512-TNR5SjCg8sSfU4bdXsPJlpLXOH4YGBCVggvdZnttD2SMiONSxfJm231Nxn1VaQWWF2Twl4Wr2KC1hYaNd4M5Zw==",
			"dev": true
		},
		"node_modules/faker": {
			"version": "5.5.3",
			"resolved": "https://registry.npmjs.org/faker/-/faker-5.5.3.tgz",
			"integrity": "sha512-wLTv2a28wjUyWkbnX7u/ABZBkUkIF2fCd73V6P2oFqEGEktDfzWx4UxrSqtPRw0xPRAcjeAOIiJWqZm3pP4u3g=="
		}
	},
	"dependencies": {
		"@types/faker": {
			"version": "5.5.5",
			"resolved": "https://registry.npmjs.org/@types/faker/-/faker-5.5.5.tgz",
			"integrity": "sha512-TNR5SjCg8sSfU4bdXsPJlpLXOH4YGBCVggvdZnttD2SMiONSxfJm231Nxn1VaQWWF2Twl4Wr2KC1hYaNd4M5Zw==",
			"dev": true
		},
		"faker": {
			"version": "5.5.3",
			"resolved": "https://registry.npmjs.org/faker/-/faker-5.5.3.tgz",
			"integrity": "sha512-wLTv2a28wjUyWkbnX7u/ABZBkUkIF2fCd73V6P2oFqEGEktDfzWx4UxrSqtPRw0xPRAcjeAOIiJWqZm3pP4u3g=="
		}
	}
}
