{
	"name": "@har-sdk/validator",
	"version": "0.0.0",
	"lockfileVersion": 2,
	"requires": true,
	"packages": {
		"": {
			"name": "@har-sdk/validator",
			"version": "0.0.0",
			"license": "MIT",
			"dependencies": {
				"ajv": "^6.12.6",
				"openapi-schemas": "^2.1.0",
				"semver": "^7.3.5",
				"tslib": "~2.2.0"
			},
			"devDependencies": {
				"@types/js-yaml": "^4.0.1",
				"@types/node": "^14.14.45",
				"@types/semver": "^7.3.6",
				"js-yaml": "^4.1.0"
			}
		},
		"node_modules/@apidevtools/openapi-schemas": {
			"version": "2.1.0",
			"resolved": "https://registry.npmjs.org/@apidevtools/openapi-schemas/-/openapi-schemas-2.1.0.tgz",
			"integrity": "sha512-Zc1AlqrJlX3SlpupFGpiLi2EbteyP7fXmUOGup6/DnkRgjP9bgMM/ag+n91rsv0U1Gpz0H3VILA/o3bW7Ua6BQ==",
			"engines": {
				"node": ">=10"
			}
		},
		"node_modules/@types/js-yaml": {
			"version": "4.0.1",
			"resolved": "https://registry.npmjs.org/@types/js-yaml/-/js-yaml-4.0.1.tgz",
			"integrity": "sha512-xdOvNmXmrZqqPy3kuCQ+fz6wA0xU5pji9cd1nDrflWaAWtYLLGk5ykW0H6yg5TVyehHP1pfmuuSaZkhP+kspVA==",
			"dev": true
		},
		"node_modules/@types/node": {
			"version": "14.17.2",
			"resolved": "https://registry.npmjs.org/@types/node/-/node-14.17.2.tgz",
			"integrity": "sha512-sld7b/xmFum66AAKuz/rp/CUO8+98fMpyQ3SBfzzBNGMd/1iHBTAg9oyAvcYlAj46bpc74r91jSw2iFdnx29nw==",
			"dev": true
		},
		"node_modules/@types/semver": {
			"version": "7.3.6",
			"resolved": "https://registry.npmjs.org/@types/semver/-/semver-7.3.6.tgz",
			"integrity": "sha512-0caWDWmpCp0uifxFh+FaqK3CuZ2SkRR/ZRxAV5+zNdC3QVUi6wyOJnefhPvtNt8NQWXB5OA93BUvZsXpWat2Xw==",
			"dev": true
		},
		"node_modules/ajv": {
			"version": "6.12.6",
			"resolved": "https://registry.npmjs.org/ajv/-/ajv-6.12.6.tgz",
			"integrity": "sha512-j3fVLgvTo527anyYyJOGTYJbG+vnnQYvE0m5mmkc1TK+nxAppkCLMIL0aZ4dblVCNoGShhm+kzE4ZUykBoMg4g==",
			"dependencies": {
				"fast-deep-equal": "^3.1.1",
				"fast-json-stable-stringify": "^2.0.0",
				"json-schema-traverse": "^0.4.1",
				"uri-js": "^4.2.2"
			}
		},
		"node_modules/argparse": {
			"version": "2.0.1",
			"resolved": "https://registry.npmjs.org/argparse/-/argparse-2.0.1.tgz",
			"integrity": "sha512-8+9WqebbFzpX9OR+Wa6O29asIogeRMzcGtAINdpMHHyAg10f05aSFVBbcEqGf/PXw1EjAZ+q2/bEBg3DvurK3Q==",
			"dev": true
		},
		"node_modules/fast-deep-equal": {
			"version": "3.1.3",
			"resolved": "https://registry.npmjs.org/fast-deep-equal/-/fast-deep-equal-3.1.3.tgz",
			"integrity": "sha512-f3qQ9oQy9j2AhBe/H9VC91wLmKBCCU/gDOnKNAYG5hswO7BLKj09Hc5HYNz9cGI++xlpDCIgDaitVs03ATR84Q=="
		},
		"node_modules/fast-json-stable-stringify": {
			"version": "2.1.0",
			"resolved": "https://registry.npmjs.org/fast-json-stable-stringify/-/fast-json-stable-stringify-2.1.0.tgz",
			"integrity": "sha512-lhd/wF+Lk98HZoTCtlVraHtfh5XYijIjalXck7saUtuanSDyLMxnHhSXEDJqHxD7msR8D0uCmqlkwjCV8xvwHw=="
		},
		"node_modules/js-yaml": {
			"version": "4.1.0",
			"resolved": "https://registry.npmjs.org/js-yaml/-/js-yaml-4.1.0.tgz",
			"integrity": "sha512-wpxZs9NoxZaJESJGIZTyDEaYpl0FKSA+FB9aJiyemKhMwkxQg63h4T1KJgUGHpTqPDNRcmmYLugrRjJlBtWvRA==",
			"dev": true,
			"dependencies": {
				"argparse": "^2.0.1"
			},
			"bin": {
				"js-yaml": "bin/js-yaml.js"
			}
		},
		"node_modules/json-schema-traverse": {
			"version": "0.4.1",
			"resolved": "https://registry.npmjs.org/json-schema-traverse/-/json-schema-traverse-0.4.1.tgz",
			"integrity": "sha512-xbbCH5dCYU5T8LcEhhuh7HJ88HXuW3qsI3Y0zOZFKfZEHcpWiHU/Jxzk629Brsab/mMiHQti9wMP+845RPe3Vg=="
		},
		"node_modules/lru-cache": {
			"version": "6.0.0",
			"resolved": "https://registry.npmjs.org/lru-cache/-/lru-cache-6.0.0.tgz",
			"integrity": "sha512-Jo6dJ04CmSjuznwJSS3pUeWmd/H0ffTlkXXgwZi+eq1UCmqQwCh+eLsYOYCwY991i2Fah4h1BEMCx4qThGbsiA==",
			"dependencies": {
				"yallist": "^4.0.0"
			},
			"engines": {
				"node": ">=10"
			}
		},
		"node_modules/openapi-schemas": {
			"version": "2.1.0",
			"resolved": "https://registry.npmjs.org/openapi-schemas/-/openapi-schemas-2.1.0.tgz",
			"integrity": "sha512-sqzKzllhsOBSVDzaIja5Bq5poUAzJ1SxhMxCenVqM5iBQEsOoWUxhLJ46lH94SrLN7sfErVW4f50XgRz3P6eZA==",
			"dependencies": {
				"@apidevtools/openapi-schemas": "2.1.0"
			},
			"engines": {
				"node": ">=10"
			}
		},
		"node_modules/punycode": {
			"version": "2.1.1",
			"resolved": "https://registry.npmjs.org/punycode/-/punycode-2.1.1.tgz",
			"integrity": "sha512-XRsRjdf+j5ml+y/6GKHPZbrF/8p2Yga0JPtdqTIY2Xe5ohJPD9saDJJLPvp9+NSBprVvevdXZybnj2cv8OEd0A==",
			"engines": {
				"node": ">=6"
			}
		},
		"node_modules/semver": {
			"version": "7.3.5",
			"resolved": "https://registry.npmjs.org/semver/-/semver-7.3.5.tgz",
			"integrity": "sha512-PoeGJYh8HK4BTO/a9Tf6ZG3veo/A7ZVsYrSA6J8ny9nb3B1VrpkuN+z9OE5wfE5p6H4LchYZsegiQgbJD94ZFQ==",
			"dependencies": {
				"lru-cache": "^6.0.0"
			},
			"bin": {
				"semver": "bin/semver.js"
			},
			"engines": {
				"node": ">=10"
			}
		},
		"node_modules/tslib": {
			"version": "2.2.0",
			"resolved": "https://registry.npmjs.org/tslib/-/tslib-2.2.0.tgz",
			"integrity": "sha512-gS9GVHRU+RGn5KQM2rllAlR3dU6m7AcpJKdtH8gFvQiC4Otgk98XnmMU+nZenHt/+VhnBPWwgrJsyrdcw6i23w=="
		},
		"node_modules/uri-js": {
			"version": "4.4.1",
			"resolved": "https://registry.npmjs.org/uri-js/-/uri-js-4.4.1.tgz",
			"integrity": "sha512-7rKUyy33Q1yc98pQ1DAmLtwX109F7TIfWlW1Ydo8Wl1ii1SeHieeh0HHfPeL2fMXK6z0s8ecKs9frCuLJvndBg==",
			"dependencies": {
				"punycode": "^2.1.0"
			}
		},
		"node_modules/yallist": {
			"version": "4.0.0",
			"resolved": "https://registry.npmjs.org/yallist/-/yallist-4.0.0.tgz",
			"integrity": "sha512-3wdGidZyq5PB084XLES5TpOSRA3wjXAlIWMhum2kRcv/41Sn2emQ0dycQW4uZXLejwKvg6EsvbdlVL+FYEct7A=="
		}
	},
	"dependencies": {
		"@apidevtools/openapi-schemas": {
			"version": "2.1.0",
			"resolved": "https://registry.npmjs.org/@apidevtools/openapi-schemas/-/openapi-schemas-2.1.0.tgz",
			"integrity": "sha512-Zc1AlqrJlX3SlpupFGpiLi2EbteyP7fXmUOGup6/DnkRgjP9bgMM/ag+n91rsv0U1Gpz0H3VILA/o3bW7Ua6BQ=="
		},
		"@types/js-yaml": {
			"version": "4.0.1",
			"resolved": "https://registry.npmjs.org/@types/js-yaml/-/js-yaml-4.0.1.tgz",
			"integrity": "sha512-xdOvNmXmrZqqPy3kuCQ+fz6wA0xU5pji9cd1nDrflWaAWtYLLGk5ykW0H6yg5TVyehHP1pfmuuSaZkhP+kspVA==",
			"dev": true
		},
		"@types/node": {
			"version": "14.17.2",
			"resolved": "https://registry.npmjs.org/@types/node/-/node-14.17.2.tgz",
			"integrity": "sha512-sld7b/xmFum66AAKuz/rp/CUO8+98fMpyQ3SBfzzBNGMd/1iHBTAg9oyAvcYlAj46bpc74r91jSw2iFdnx29nw==",
			"dev": true
		},
		"@types/semver": {
			"version": "7.3.6",
			"resolved": "https://registry.npmjs.org/@types/semver/-/semver-7.3.6.tgz",
			"integrity": "sha512-0caWDWmpCp0uifxFh+FaqK3CuZ2SkRR/ZRxAV5+zNdC3QVUi6wyOJnefhPvtNt8NQWXB5OA93BUvZsXpWat2Xw==",
			"dev": true
		},
		"ajv": {
			"version": "6.12.6",
			"resolved": "https://registry.npmjs.org/ajv/-/ajv-6.12.6.tgz",
			"integrity": "sha512-j3fVLgvTo527anyYyJOGTYJbG+vnnQYvE0m5mmkc1TK+nxAppkCLMIL0aZ4dblVCNoGShhm+kzE4ZUykBoMg4g==",
			"requires": {
				"fast-deep-equal": "^3.1.1",
				"fast-json-stable-stringify": "^2.0.0",
				"json-schema-traverse": "^0.4.1",
				"uri-js": "^4.2.2"
			}
		},
		"argparse": {
			"version": "2.0.1",
			"resolved": "https://registry.npmjs.org/argparse/-/argparse-2.0.1.tgz",
			"integrity": "sha512-8+9WqebbFzpX9OR+Wa6O29asIogeRMzcGtAINdpMHHyAg10f05aSFVBbcEqGf/PXw1EjAZ+q2/bEBg3DvurK3Q==",
			"dev": true
		},
		"fast-deep-equal": {
			"version": "3.1.3",
			"resolved": "https://registry.npmjs.org/fast-deep-equal/-/fast-deep-equal-3.1.3.tgz",
			"integrity": "sha512-f3qQ9oQy9j2AhBe/H9VC91wLmKBCCU/gDOnKNAYG5hswO7BLKj09Hc5HYNz9cGI++xlpDCIgDaitVs03ATR84Q=="
		},
		"fast-json-stable-stringify": {
			"version": "2.1.0",
			"resolved": "https://registry.npmjs.org/fast-json-stable-stringify/-/fast-json-stable-stringify-2.1.0.tgz",
			"integrity": "sha512-lhd/wF+Lk98HZoTCtlVraHtfh5XYijIjalXck7saUtuanSDyLMxnHhSXEDJqHxD7msR8D0uCmqlkwjCV8xvwHw=="
		},
		"js-yaml": {
			"version": "4.1.0",
			"resolved": "https://registry.npmjs.org/js-yaml/-/js-yaml-4.1.0.tgz",
			"integrity": "sha512-wpxZs9NoxZaJESJGIZTyDEaYpl0FKSA+FB9aJiyemKhMwkxQg63h4T1KJgUGHpTqPDNRcmmYLugrRjJlBtWvRA==",
			"dev": true,
			"requires": {
				"argparse": "^2.0.1"
			}
		},
		"json-schema-traverse": {
			"version": "0.4.1",
			"resolved": "https://registry.npmjs.org/json-schema-traverse/-/json-schema-traverse-0.4.1.tgz",
			"integrity": "sha512-xbbCH5dCYU5T8LcEhhuh7HJ88HXuW3qsI3Y0zOZFKfZEHcpWiHU/Jxzk629Brsab/mMiHQti9wMP+845RPe3Vg=="
		},
		"lru-cache": {
			"version": "6.0.0",
			"resolved": "https://registry.npmjs.org/lru-cache/-/lru-cache-6.0.0.tgz",
			"integrity": "sha512-Jo6dJ04CmSjuznwJSS3pUeWmd/H0ffTlkXXgwZi+eq1UCmqQwCh+eLsYOYCwY991i2Fah4h1BEMCx4qThGbsiA==",
			"requires": {
				"yallist": "^4.0.0"
			}
		},
		"openapi-schemas": {
			"version": "2.1.0",
			"resolved": "https://registry.npmjs.org/openapi-schemas/-/openapi-schemas-2.1.0.tgz",
			"integrity": "sha512-sqzKzllhsOBSVDzaIja5Bq5poUAzJ1SxhMxCenVqM5iBQEsOoWUxhLJ46lH94SrLN7sfErVW4f50XgRz3P6eZA==",
			"requires": {
				"@apidevtools/openapi-schemas": "2.1.0"
			}
		},
		"punycode": {
			"version": "2.1.1",
			"resolved": "https://registry.npmjs.org/punycode/-/punycode-2.1.1.tgz",
			"integrity": "sha512-XRsRjdf+j5ml+y/6GKHPZbrF/8p2Yga0JPtdqTIY2Xe5ohJPD9saDJJLPvp9+NSBprVvevdXZybnj2cv8OEd0A=="
		},
		"semver": {
			"version": "7.3.5",
			"resolved": "https://registry.npmjs.org/semver/-/semver-7.3.5.tgz",
			"integrity": "sha512-PoeGJYh8HK4BTO/a9Tf6ZG3veo/A7ZVsYrSA6J8ny9nb3B1VrpkuN+z9OE5wfE5p6H4LchYZsegiQgbJD94ZFQ==",
			"requires": {
				"lru-cache": "^6.0.0"
			}
		},
		"tslib": {
			"version": "2.2.0",
			"resolved": "https://registry.npmjs.org/tslib/-/tslib-2.2.0.tgz",
			"integrity": "sha512-gS9GVHRU+RGn5KQM2rllAlR3dU6m7AcpJKdtH8gFvQiC4Otgk98XnmMU+nZenHt/+VhnBPWwgrJsyrdcw6i23w=="
		},
		"uri-js": {
			"version": "4.4.1",
			"resolved": "https://registry.npmjs.org/uri-js/-/uri-js-4.4.1.tgz",
			"integrity": "sha512-7rKUyy33Q1yc98pQ1DAmLtwX109F7TIfWlW1Ydo8Wl1ii1SeHieeh0HHfPeL2fMXK6z0s8ecKs9frCuLJvndBg==",
			"requires": {
				"punycode": "^2.1.0"
			}
		},
		"yallist": {
			"version": "4.0.0",
			"resolved": "https://registry.npmjs.org/yallist/-/yallist-4.0.0.tgz",
			"integrity": "sha512-3wdGidZyq5PB084XLES5TpOSRA3wjXAlIWMhum2kRcv/41Sn2emQ0dycQW4uZXLejwKvg6EsvbdlVL+FYEct7A=="
		}
	}
}
